
Microsoft Visual Studio Solution File, Format Version 12.00
# Visual Studio 15
VisualStudioVersion = 15.0.26430.6
MinimumVisualStudioVersion = 10.0.40219.1
Project("{9A19103F-16F7-4668-BE54-9A1E7A4F7556}") = "Straight.Core", "Straight.Core\Straight.Core.csproj", "{559C30F7-60D8-40A5-8A96-0A4E16AABB37}"
EndProject
Project("{2150E333-8FDC-42A3-9474-1A3956D46DE8}") = "01- Framework", "01- Framework", "{A30B908F-535D-4DF9-BFF2-8AE1B3AD8231}"
EndProject
Project("{9A19103F-16F7-4668-BE54-9A1E7A4F7556}") = "Straight.Core.Tests", "Straight.Core.Tests\Straight.Core.Tests.csproj", "{8EDF4429-251A-416D-BB68-93F227191BCF}"
EndProject
Project("{2150E333-8FDC-42A3-9474-1A3956D46DE8}") = "02 - DataAcces", "02 - DataAcces", "{4F753D82-86F0-4B6C-802F-E8BC9F7826CF}"
EndProject
Project("{9A19103F-16F7-4668-BE54-9A1E7A4F7556}") = "Straight.Core.DataAccess", "Straight.Core.DataAccess\Straight.Core.DataAccess.csproj", "{262CAD4F-3F16-498C-A1AB-EF1CCB173C2B}"
EndProject
Project("{9A19103F-16F7-4668-BE54-9A1E7A4F7556}") = "Straight.Core.DataAccess.Tests", "Straight.Core.DataAccess.Tests\Straight.Core.DataAccess.Tests.csproj", "{C0A4A7B1-5581-433B-83D0-F403A890A8FD}"
EndProject
Project("{9A19103F-16F7-4668-BE54-9A1E7A4F7556}") = "Straight.Core.Tests.Common", "Straight.Core.Tests.Common\Straight.Core.Tests.Common.csproj", "{3315A24B-3D04-4244-902E-C0B5CEE6EC7B}"
EndProject
Global
	GlobalSection(SolutionConfigurationPlatforms) = preSolution
		Debug|Any CPU = Debug|Any CPU
		Release|Any CPU = Release|Any CPU
	EndGlobalSection
	GlobalSection(ProjectConfigurationPlatforms) = postSolution
		{559C30F7-60D8-40A5-8A96-0A4E16AABB37}.Debug|Any CPU.ActiveCfg = Debug|Any CPU
		{559C30F7-60D8-40A5-8A96-0A4E16AABB37}.Debug|Any CPU.Build.0 = Debug|Any CPU
		{559C30F7-60D8-40A5-8A96-0A4E16AABB37}.Release|Any CPU.ActiveCfg = Release|Any CPU
		{559C30F7-60D8-40A5-8A96-0A4E16AABB37}.Release|Any CPU.Build.0 = Release|Any CPU
		{8EDF4429-251A-416D-BB68-93F227191BCF}.Debug|Any CPU.ActiveCfg = Debug|Any CPU
		{8EDF4429-251A-416D-BB68-93F227191BCF}.Debug|Any CPU.Build.0 = Debug|Any CPU
		{8EDF4429-251A-416D-BB68-93F227191BCF}.Release|Any CPU.ActiveCfg = Release|Any CPU
		{8EDF4429-251A-416D-BB68-93F227191BCF}.Release|Any CPU.Build.0 = Release|Any CPU
		{262CAD4F-3F16-498C-A1AB-EF1CCB173C2B}.Debug|Any CPU.ActiveCfg = Debug|Any CPU
		{262CAD4F-3F16-498C-A1AB-EF1CCB173C2B}.Debug|Any CPU.Build.0 = Debug|Any CPU
		{262CAD4F-3F16-498C-A1AB-EF1CCB173C2B}.Release|Any CPU.ActiveCfg = Release|Any CPU
		{262CAD4F-3F16-498C-A1AB-EF1CCB173C2B}.Release|Any CPU.Build.0 = Release|Any CPU
		{C0A4A7B1-5581-433B-83D0-F403A890A8FD}.Debug|Any CPU.ActiveCfg = Debug|Any CPU
		{C0A4A7B1-5581-433B-83D0-F403A890A8FD}.Debug|Any CPU.Build.0 = Debug|Any CPU
		{C0A4A7B1-5581-433B-83D0-F403A890A8FD}.Release|Any CPU.ActiveCfg = Release|Any CPU
		{C0A4A7B1-5581-433B-83D0-F403A890A8FD}.Release|Any CPU.Build.0 = Release|Any CPU
		{3315A24B-3D04-4244-902E-C0B5CEE6EC7B}.Debug|Any CPU.ActiveCfg = Debug|Any CPU
		{3315A24B-3D04-4244-902E-C0B5CEE6EC7B}.Debug|Any CPU.Build.0 = Debug|Any CPU
		{3315A24B-3D04-4244-902E-C0B5CEE6EC7B}.Release|Any CPU.ActiveCfg = Release|Any CPU
		{3315A24B-3D04-4244-902E-C0B5CEE6EC7B}.Release|Any CPU.Build.0 = Release|Any CPU
	EndGlobalSection
	GlobalSection(SolutionProperties) = preSolution
		HideSolutionNode = FALSE
	EndGlobalSection
	GlobalSection(NestedProjects) = preSolution
		{559C30F7-60D8-40A5-8A96-0A4E16AABB37} = {A30B908F-535D-4DF9-BFF2-8AE1B3AD8231}
		{8EDF4429-251A-416D-BB68-93F227191BCF} = {A30B908F-535D-4DF9-BFF2-8AE1B3AD8231}
		{262CAD4F-3F16-498C-A1AB-EF1CCB173C2B} = {4F753D82-86F0-4B6C-802F-E8BC9F7826CF}
		{C0A4A7B1-5581-433B-83D0-F403A890A8FD} = {4F753D82-86F0-4B6C-802F-E8BC9F7826CF}
		{3315A24B-3D04-4244-902E-C0B5CEE6EC7B} = {A30B908F-535D-4DF9-BFF2-8AE1B3AD8231}
	EndGlobalSection
	GlobalSection(ExtensibilityGlobals) = postSolution
		SolutionGuid = {E327218F-43C4-4A54-B025-48F872F00B87}
	EndGlobalSection
EndGlobal
