
Microsoft Visual Studio Solution File, Format Version 12.00
# Visual Studio 14
VisualStudioVersion = 14.0.24720.0
MinimumVisualStudioVersion = 10.0.40219.1
Project("{FAE04EC0-301F-11D3-BF4B-00C04F79EFBC}") = "Straight.Core", "Straight.Core\Straight.Core.csproj", "{559C30F7-60D8-40A5-8A96-0A4E16AABB37}"
EndProject
Project("{2150E333-8FDC-42A3-9474-1A3956D46DE8}") = "01- Framework", "01- Framework", "{A30B908F-535D-4DF9-BFF2-8AE1B3AD8231}"
EndProject
Project("{FAE04EC0-301F-11D3-BF4B-00C04F79EFBC}") = "Straight.Core.Tests", "Straight.Core.Tests\Straight.Core.Tests.csproj", "{8EDF4429-251A-416D-BB68-93F227191BCF}"
EndProject
Project("{FAE04EC0-301F-11D3-BF4B-00C04F79EFBC}") = "Straight.Core.Extensions", "Straight.Core.Extensions\Straight.Core.Extensions.csproj", "{31DC24D4-1227-4D84-9509-85AF1575AE54}"
EndProject
Project("{FAE04EC0-301F-11D3-BF4B-00C04F79EFBC}") = "Straight.Core.Tests.Common", "Straight.Core.Tests.Common\Straight.Core.Tests.Common.csproj", "{32FFBD0B-EE57-4048-B47A-3CFF01523308}"
EndProject
Project("{2150E333-8FDC-42A3-9474-1A3956D46DE8}") = "10 - Samples Real Estate Agency", "10 - Samples Real Estate Agency", "{AAD8D9AA-E1C5-4EB9-AE61-C76E3DAC85DD}"
EndProject
Project("{FAE04EC0-301F-11D3-BF4B-00C04F79EFBC}") = "Straight.Core.Sample.RealEstateAgency.House", "Straight.Core.Sample.RealEstateAgency.House\Straight.Core.Sample.RealEstateAgency.House.csproj", "{9ECB33E1-461B-4032-A5DA-EA320D25D831}"
EndProject
Project("{FAE04EC0-301F-11D3-BF4B-00C04F79EFBC}") = "Straight.Core.Sample.RealEstateAgency.House.Tests", "Straight.Core.Sample.RealEstateAgency.House.Tests\Straight.Core.Sample.RealEstateAgency.House.Tests.csproj", "{C619A5AC-BCE9-4F1F-9B29-3BD769E1632E}"
EndProject
Project("{FAE04EC0-301F-11D3-BF4B-00C04F79EFBC}") = "Straight.Core.RealEstateAgency.Account.Tests", "Straight.Core.RealEstateAgency.Account.Tests\Straight.Core.RealEstateAgency.Account.Tests.csproj", "{AF9379F7-DC9D-458D-B221-F590B1BE9B01}"
EndProject
Project("{FAE04EC0-301F-11D3-BF4B-00C04F79EFBC}") = "Straight.Core.RealEstateAgency.Account", "Straight.Core.RealEstateAgency.Account\Straight.Core.RealEstateAgency.Account.csproj", "{B56C7F3B-93BC-41E5-B51A-DE4A6730303F}"
EndProject
Project("{FAE04EC0-301F-11D3-BF4B-00C04F79EFBC}") = "Straight.Core.RealEstateAgency.Model", "Straight.Core.RealEstateAgency.Model\Straight.Core.RealEstateAgency.Model.csproj", "{55CA532F-D286-4C4E-B1FE-7BF2E13D5447}"
EndProject
Project("{FAE04EC0-301F-11D3-BF4B-00C04F79EFBC}") = "Straight.Core.RealEstateAgency.Test.Common", "Straight.Core.RealEstateAgency.Test.Common\Straight.Core.RealEstateAgency.Test.Common.csproj", "{26778F0D-6945-4914-B655-B1CF801EA1DC}"
EndProject
Project("{FAE04EC0-301F-11D3-BF4B-00C04F79EFBC}") = "Straight.Core.RealEstateAgency.Contracts", "Straight.Core.RealEstateAgency.Contracts\Straight.Core.RealEstateAgency.Contracts.csproj", "{620AE724-224B-4F19-81D2-B3A69FAF9B28}"
EndProject
Project("{2150E333-8FDC-42A3-9474-1A3956D46DE8}") = "10.2 - UnitTests", "10.2 - UnitTests", "{9924FFDA-C0EF-4132-895E-27B1BC6F36E8}"
EndProject
Project("{2150E333-8FDC-42A3-9474-1A3956D46DE8}") = "13 - Domains", "13 - Domains", "{8E1E2D1F-8333-4238-A1AF-B54505DC248C}"
EndProject
Project("{2150E333-8FDC-42A3-9474-1A3956D46DE8}") = "13.1 - Models", "13.1 - Models", "{D44DCFAC-CA41-42A1-A278-B3A1789BEEB7}"
EndProject
Project("{2150E333-8FDC-42A3-9474-1A3956D46DE8}") = "15 - Communications API", "15 - Communications API", "{490C051C-C70B-4178-8FCF-025DFCF3F0BD}"
EndProject
Project("{2150E333-8FDC-42A3-9474-1A3956D46DE8}") = "12 - Repository", "12 - Repository", "{409FB883-1512-4B6E-B591-7F94D0B1FAB9}"
EndProject
Project("{2150E333-8FDC-42A3-9474-1A3956D46DE8}") = "02 - DataAcces", "02 - DataAcces", "{4F753D82-86F0-4B6C-802F-E8BC9F7826CF}"
EndProject
Project("{FAE04EC0-301F-11D3-BF4B-00C04F79EFBC}") = "Straight.Core.DataAccess.SQLite", "Straight.Core.DataAccess.SQLite\Straight.Core.DataAccess.SQLite.csproj", "{9A0A7FB3-9EFA-452D-AD9E-415A0941DFBE}"
EndProject
Project("{FAE04EC0-301F-11D3-BF4B-00C04F79EFBC}") = "Straight.Core.DataAccess", "Straight.Core.DataAccess\Straight.Core.DataAccess.csproj", "{262CAD4F-3F16-498C-A1AB-EF1CCB173C2B}"
EndProject
Project("{FAE04EC0-301F-11D3-BF4B-00C04F79EFBC}") = "Straight.Core.DataAccess.SQLite.Tests", "Straight.Core.DataAccess.SQLite.Tests\Straight.Core.DataAccess.SQLite.Tests.csproj", "{8ECE2506-914B-4BAD-A229-63C488D553BD}"
EndProject
Project("{FAE04EC0-301F-11D3-BF4B-00C04F79EFBC}") = "Straight.Core.DataAccess.Tests", "Straight.Core.DataAccess.Tests\Straight.Core.DataAccess.Tests.csproj", "{C0A4A7B1-5581-433B-83D0-F403A890A8FD}"
EndProject
Global
	GlobalSection(SolutionConfigurationPlatforms) = preSolution
		Debug|Any CPU = Debug|Any CPU
		Release|Any CPU = Release|Any CPU
	EndGlobalSection
	GlobalSection(ProjectConfigurationPlatforms) = postSolution
		{559C30F7-60D8-40A5-8A96-0A4E16AABB37}.Debug|Any CPU.ActiveCfg = Debug|Any CPU
		{559C30F7-60D8-40A5-8A96-0A4E16AABB37}.Debug|Any CPU.Build.0 = Debug|Any CPU
		{559C30F7-60D8-40A5-8A96-0A4E16AABB37}.Release|Any CPU.ActiveCfg = Release|Any CPU
		{559C30F7-60D8-40A5-8A96-0A4E16AABB37}.Release|Any CPU.Build.0 = Release|Any CPU
		{8EDF4429-251A-416D-BB68-93F227191BCF}.Debug|Any CPU.ActiveCfg = Debug|Any CPU
		{8EDF4429-251A-416D-BB68-93F227191BCF}.Debug|Any CPU.Build.0 = Debug|Any CPU
		{8EDF4429-251A-416D-BB68-93F227191BCF}.Release|Any CPU.ActiveCfg = Release|Any CPU
		{8EDF4429-251A-416D-BB68-93F227191BCF}.Release|Any CPU.Build.0 = Release|Any CPU
		{31DC24D4-1227-4D84-9509-85AF1575AE54}.Debug|Any CPU.ActiveCfg = Debug|Any CPU
		{31DC24D4-1227-4D84-9509-85AF1575AE54}.Debug|Any CPU.Build.0 = Debug|Any CPU
		{31DC24D4-1227-4D84-9509-85AF1575AE54}.Release|Any CPU.ActiveCfg = Release|Any CPU
		{31DC24D4-1227-4D84-9509-85AF1575AE54}.Release|Any CPU.Build.0 = Release|Any CPU
		{32FFBD0B-EE57-4048-B47A-3CFF01523308}.Debug|Any CPU.ActiveCfg = Debug|Any CPU
		{32FFBD0B-EE57-4048-B47A-3CFF01523308}.Debug|Any CPU.Build.0 = Debug|Any CPU
		{32FFBD0B-EE57-4048-B47A-3CFF01523308}.Release|Any CPU.ActiveCfg = Release|Any CPU
		{32FFBD0B-EE57-4048-B47A-3CFF01523308}.Release|Any CPU.Build.0 = Release|Any CPU
		{9ECB33E1-461B-4032-A5DA-EA320D25D831}.Debug|Any CPU.ActiveCfg = Debug|Any CPU
		{9ECB33E1-461B-4032-A5DA-EA320D25D831}.Debug|Any CPU.Build.0 = Debug|Any CPU
		{9ECB33E1-461B-4032-A5DA-EA320D25D831}.Release|Any CPU.ActiveCfg = Release|Any CPU
		{9ECB33E1-461B-4032-A5DA-EA320D25D831}.Release|Any CPU.Build.0 = Release|Any CPU
		{C619A5AC-BCE9-4F1F-9B29-3BD769E1632E}.Debug|Any CPU.ActiveCfg = Debug|Any CPU
		{C619A5AC-BCE9-4F1F-9B29-3BD769E1632E}.Debug|Any CPU.Build.0 = Debug|Any CPU
		{C619A5AC-BCE9-4F1F-9B29-3BD769E1632E}.Release|Any CPU.ActiveCfg = Release|Any CPU
		{C619A5AC-BCE9-4F1F-9B29-3BD769E1632E}.Release|Any CPU.Build.0 = Release|Any CPU
		{AF9379F7-DC9D-458D-B221-F590B1BE9B01}.Debug|Any CPU.ActiveCfg = Debug|Any CPU
		{AF9379F7-DC9D-458D-B221-F590B1BE9B01}.Debug|Any CPU.Build.0 = Debug|Any CPU
		{AF9379F7-DC9D-458D-B221-F590B1BE9B01}.Release|Any CPU.ActiveCfg = Release|Any CPU
		{AF9379F7-DC9D-458D-B221-F590B1BE9B01}.Release|Any CPU.Build.0 = Release|Any CPU
		{B56C7F3B-93BC-41E5-B51A-DE4A6730303F}.Debug|Any CPU.ActiveCfg = Debug|Any CPU
		{B56C7F3B-93BC-41E5-B51A-DE4A6730303F}.Debug|Any CPU.Build.0 = Debug|Any CPU
		{B56C7F3B-93BC-41E5-B51A-DE4A6730303F}.Release|Any CPU.ActiveCfg = Release|Any CPU
		{B56C7F3B-93BC-41E5-B51A-DE4A6730303F}.Release|Any CPU.Build.0 = Release|Any CPU
		{55CA532F-D286-4C4E-B1FE-7BF2E13D5447}.Debug|Any CPU.ActiveCfg = Debug|Any CPU
		{55CA532F-D286-4C4E-B1FE-7BF2E13D5447}.Debug|Any CPU.Build.0 = Debug|Any CPU
		{55CA532F-D286-4C4E-B1FE-7BF2E13D5447}.Release|Any CPU.ActiveCfg = Release|Any CPU
		{55CA532F-D286-4C4E-B1FE-7BF2E13D5447}.Release|Any CPU.Build.0 = Release|Any CPU
		{26778F0D-6945-4914-B655-B1CF801EA1DC}.Debug|Any CPU.ActiveCfg = Debug|Any CPU
		{26778F0D-6945-4914-B655-B1CF801EA1DC}.Debug|Any CPU.Build.0 = Debug|Any CPU
		{26778F0D-6945-4914-B655-B1CF801EA1DC}.Release|Any CPU.ActiveCfg = Release|Any CPU
		{26778F0D-6945-4914-B655-B1CF801EA1DC}.Release|Any CPU.Build.0 = Release|Any CPU
		{620AE724-224B-4F19-81D2-B3A69FAF9B28}.Debug|Any CPU.ActiveCfg = Debug|Any CPU
		{620AE724-224B-4F19-81D2-B3A69FAF9B28}.Debug|Any CPU.Build.0 = Debug|Any CPU
		{620AE724-224B-4F19-81D2-B3A69FAF9B28}.Release|Any CPU.ActiveCfg = Release|Any CPU
		{620AE724-224B-4F19-81D2-B3A69FAF9B28}.Release|Any CPU.Build.0 = Release|Any CPU
		{9A0A7FB3-9EFA-452D-AD9E-415A0941DFBE}.Debug|Any CPU.ActiveCfg = Debug|Any CPU
		{9A0A7FB3-9EFA-452D-AD9E-415A0941DFBE}.Debug|Any CPU.Build.0 = Debug|Any CPU
		{9A0A7FB3-9EFA-452D-AD9E-415A0941DFBE}.Release|Any CPU.ActiveCfg = Release|Any CPU
		{9A0A7FB3-9EFA-452D-AD9E-415A0941DFBE}.Release|Any CPU.Build.0 = Release|Any CPU
		{262CAD4F-3F16-498C-A1AB-EF1CCB173C2B}.Debug|Any CPU.ActiveCfg = Debug|Any CPU
		{262CAD4F-3F16-498C-A1AB-EF1CCB173C2B}.Debug|Any CPU.Build.0 = Debug|Any CPU
		{262CAD4F-3F16-498C-A1AB-EF1CCB173C2B}.Release|Any CPU.ActiveCfg = Release|Any CPU
		{262CAD4F-3F16-498C-A1AB-EF1CCB173C2B}.Release|Any CPU.Build.0 = Release|Any CPU
		{8ECE2506-914B-4BAD-A229-63C488D553BD}.Debug|Any CPU.ActiveCfg = Debug|Any CPU
		{8ECE2506-914B-4BAD-A229-63C488D553BD}.Debug|Any CPU.Build.0 = Debug|Any CPU
		{8ECE2506-914B-4BAD-A229-63C488D553BD}.Release|Any CPU.ActiveCfg = Release|Any CPU
		{8ECE2506-914B-4BAD-A229-63C488D553BD}.Release|Any CPU.Build.0 = Release|Any CPU
		{C0A4A7B1-5581-433B-83D0-F403A890A8FD}.Debug|Any CPU.ActiveCfg = Debug|Any CPU
		{C0A4A7B1-5581-433B-83D0-F403A890A8FD}.Debug|Any CPU.Build.0 = Debug|Any CPU
		{C0A4A7B1-5581-433B-83D0-F403A890A8FD}.Release|Any CPU.ActiveCfg = Release|Any CPU
		{C0A4A7B1-5581-433B-83D0-F403A890A8FD}.Release|Any CPU.Build.0 = Release|Any CPU
	EndGlobalSection
	GlobalSection(SolutionProperties) = preSolution
		HideSolutionNode = FALSE
	EndGlobalSection
	GlobalSection(NestedProjects) = preSolution
		{559C30F7-60D8-40A5-8A96-0A4E16AABB37} = {A30B908F-535D-4DF9-BFF2-8AE1B3AD8231}
		{8EDF4429-251A-416D-BB68-93F227191BCF} = {A30B908F-535D-4DF9-BFF2-8AE1B3AD8231}
		{31DC24D4-1227-4D84-9509-85AF1575AE54} = {A30B908F-535D-4DF9-BFF2-8AE1B3AD8231}
		{32FFBD0B-EE57-4048-B47A-3CFF01523308} = {A30B908F-535D-4DF9-BFF2-8AE1B3AD8231}
		{9ECB33E1-461B-4032-A5DA-EA320D25D831} = {8E1E2D1F-8333-4238-A1AF-B54505DC248C}
		{C619A5AC-BCE9-4F1F-9B29-3BD769E1632E} = {8E1E2D1F-8333-4238-A1AF-B54505DC248C}
		{AF9379F7-DC9D-458D-B221-F590B1BE9B01} = {8E1E2D1F-8333-4238-A1AF-B54505DC248C}
		{B56C7F3B-93BC-41E5-B51A-DE4A6730303F} = {8E1E2D1F-8333-4238-A1AF-B54505DC248C}
		{55CA532F-D286-4C4E-B1FE-7BF2E13D5447} = {D44DCFAC-CA41-42A1-A278-B3A1789BEEB7}
		{26778F0D-6945-4914-B655-B1CF801EA1DC} = {9924FFDA-C0EF-4132-895E-27B1BC6F36E8}
		{620AE724-224B-4F19-81D2-B3A69FAF9B28} = {490C051C-C70B-4178-8FCF-025DFCF3F0BD}
		{9924FFDA-C0EF-4132-895E-27B1BC6F36E8} = {AAD8D9AA-E1C5-4EB9-AE61-C76E3DAC85DD}
		{8E1E2D1F-8333-4238-A1AF-B54505DC248C} = {AAD8D9AA-E1C5-4EB9-AE61-C76E3DAC85DD}
		{D44DCFAC-CA41-42A1-A278-B3A1789BEEB7} = {AAD8D9AA-E1C5-4EB9-AE61-C76E3DAC85DD}
		{490C051C-C70B-4178-8FCF-025DFCF3F0BD} = {AAD8D9AA-E1C5-4EB9-AE61-C76E3DAC85DD}
		{409FB883-1512-4B6E-B591-7F94D0B1FAB9} = {AAD8D9AA-E1C5-4EB9-AE61-C76E3DAC85DD}
		{9A0A7FB3-9EFA-452D-AD9E-415A0941DFBE} = {4F753D82-86F0-4B6C-802F-E8BC9F7826CF}
		{262CAD4F-3F16-498C-A1AB-EF1CCB173C2B} = {4F753D82-86F0-4B6C-802F-E8BC9F7826CF}
		{8ECE2506-914B-4BAD-A229-63C488D553BD} = {4F753D82-86F0-4B6C-802F-E8BC9F7826CF}
		{C0A4A7B1-5581-433B-83D0-F403A890A8FD} = {4F753D82-86F0-4B6C-802F-E8BC9F7826CF}
	EndGlobalSection
EndGlobal
