
Microsoft Visual Studio Solution File, Format Version 12.00
# Visual Studio 14
VisualStudioVersion = 14.0.24720.0
MinimumVisualStudioVersion = 10.0.40219.1
Project("{FAE04EC0-301F-11D3-BF4B-00C04F79EFBC}") = "Straight.Core", "Straight.Core\Straight.Core.csproj", "{559C30F7-60D8-40A5-8A96-0A4E16AABB37}"
EndProject
Project("{2150E333-8FDC-42A3-9474-1A3956D46DE8}") = "01- Framework", "01- Framework", "{A30B908F-535D-4DF9-BFF2-8AE1B3AD8231}"
EndProject
Project("{FAE04EC0-301F-11D3-BF4B-00C04F79EFBC}") = "Straight.Core.Tests", "Straight.Core.Tests\Straight.Core.Tests.csproj", "{8EDF4429-251A-416D-BB68-93F227191BCF}"
EndProject
Project("{FAE04EC0-301F-11D3-BF4B-00C04F79EFBC}") = "Straight.Core.Extensions", "Straight.Core.Extensions\Straight.Core.Extensions.csproj", "{31DC24D4-1227-4D84-9509-85AF1575AE54}"
EndProject
Project("{FAE04EC0-301F-11D3-BF4B-00C04F79EFBC}") = "Straight.Core.Tests.Common", "Straight.Core.Tests.Common\Straight.Core.Tests.Common.csproj", "{32FFBD0B-EE57-4048-B47A-3CFF01523308}"
EndProject
Global
	GlobalSection(SolutionConfigurationPlatforms) = preSolution
		Debug|Any CPU = Debug|Any CPU
		Release|Any CPU = Release|Any CPU
	EndGlobalSection
	GlobalSection(ProjectConfigurationPlatforms) = postSolution
		{559C30F7-60D8-40A5-8A96-0A4E16AABB37}.Debug|Any CPU.ActiveCfg = Debug|Any CPU
		{559C30F7-60D8-40A5-8A96-0A4E16AABB37}.Debug|Any CPU.Build.0 = Debug|Any CPU
		{559C30F7-60D8-40A5-8A96-0A4E16AABB37}.Release|Any CPU.ActiveCfg = Release|Any CPU
		{559C30F7-60D8-40A5-8A96-0A4E16AABB37}.Release|Any CPU.Build.0 = Release|Any CPU
		{8EDF4429-251A-416D-BB68-93F227191BCF}.Debug|Any CPU.ActiveCfg = Debug|Any CPU
		{8EDF4429-251A-416D-BB68-93F227191BCF}.Debug|Any CPU.Build.0 = Debug|Any CPU
		{8EDF4429-251A-416D-BB68-93F227191BCF}.Release|Any CPU.ActiveCfg = Release|Any CPU
		{8EDF4429-251A-416D-BB68-93F227191BCF}.Release|Any CPU.Build.0 = Release|Any CPU
		{31DC24D4-1227-4D84-9509-85AF1575AE54}.Debug|Any CPU.ActiveCfg = Debug|Any CPU
		{31DC24D4-1227-4D84-9509-85AF1575AE54}.Debug|Any CPU.Build.0 = Debug|Any CPU
		{31DC24D4-1227-4D84-9509-85AF1575AE54}.Release|Any CPU.ActiveCfg = Release|Any CPU
		{31DC24D4-1227-4D84-9509-85AF1575AE54}.Release|Any CPU.Build.0 = Release|Any CPU
		{32FFBD0B-EE57-4048-B47A-3CFF01523308}.Debug|Any CPU.ActiveCfg = Debug|Any CPU
		{32FFBD0B-EE57-4048-B47A-3CFF01523308}.Debug|Any CPU.Build.0 = Debug|Any CPU
		{32FFBD0B-EE57-4048-B47A-3CFF01523308}.Release|Any CPU.ActiveCfg = Release|Any CPU
		{32FFBD0B-EE57-4048-B47A-3CFF01523308}.Release|Any CPU.Build.0 = Release|Any CPU
	EndGlobalSection
	GlobalSection(SolutionProperties) = preSolution
		HideSolutionNode = FALSE
	EndGlobalSection
	GlobalSection(NestedProjects) = preSolution
		{559C30F7-60D8-40A5-8A96-0A4E16AABB37} = {A30B908F-535D-4DF9-BFF2-8AE1B3AD8231}
		{8EDF4429-251A-416D-BB68-93F227191BCF} = {A30B908F-535D-4DF9-BFF2-8AE1B3AD8231}
		{31DC24D4-1227-4D84-9509-85AF1575AE54} = {A30B908F-535D-4DF9-BFF2-8AE1B3AD8231}
		{32FFBD0B-EE57-4048-B47A-3CFF01523308} = {A30B908F-535D-4DF9-BFF2-8AE1B3AD8231}
	EndGlobalSection
EndGlobal
